
Microsoft Visual Studio Solution File, Format Version 12.00
# Visual Studio Version 17
VisualStudioVersion = 17.5.002.0
MinimumVisualStudioVersion = 10.0.40219.1
Project("{2150E333-8FDC-42A3-9474-1A3956D46DE8}") = "csharp-prep", "csharp-prep", "{2F9163D5-B2AE-4C8F-82A7-946BEA9F9CAF}"
EndProject
Project("{9A19103F-16F7-4668-BE54-9A1E7A4F7556}") = "Prep1", "csharp-prep\Prep1\Prep1.csproj", "{57D57D99-658C-4602-9749-55F27033DA2D}"
EndProject
Project("{9A19103F-16F7-4668-BE54-9A1E7A4F7556}") = "Prep2", "csharp-prep\Prep2\Prep2.csproj", "{065BA225-DB84-4EF0-AC8B-2FF201136C1B}"
EndProject
Project("{9A19103F-16F7-4668-BE54-9A1E7A4F7556}") = "Prep3", "csharp-prep\Prep3\Prep3.csproj", "{74436642-1EBA-437F-B5A2-FF9201206C4C}"
EndProject
Project("{9A19103F-16F7-4668-BE54-9A1E7A4F7556}") = "Prep4", "csharp-prep\Prep4\Prep4.csproj", "{B8D5F833-45C5-4610-ACD6-D32CFCA55DDE}"
EndProject
Project("{9A19103F-16F7-4668-BE54-9A1E7A4F7556}") = "Prep5", "csharp-prep\Prep5\Prep5.csproj", "{C410B243-8D70-4778-9D42-56D940D2ED65}"
EndProject
Project("{2150E333-8FDC-42A3-9474-1A3956D46DE8}") = "final", "final", "{32969D48-AE64-48C7-BFAF-30149FD07F38}"
EndProject
Project("{9A19103F-16F7-4668-BE54-9A1E7A4F7556}") = "FinalProject", "final\FinalProject\FinalProject.csproj", "{29C00D19-87C2-4D15-9744-82C76F0B8795}"
EndProject
Project("{9A19103F-16F7-4668-BE54-9A1E7A4F7556}") = "Foundation1", "final\Foundation1\Foundation1.csproj", "{D88EA9FE-F3E7-4C11-818B-721470A4464B}"
EndProject
Project("{9A19103F-16F7-4668-BE54-9A1E7A4F7556}") = "Foundation2", "final\Foundation2\Foundation2.csproj", "{E80E48F6-78AC-4BC0-82D7-C05257AACE04}"
EndProject
Project("{9A19103F-16F7-4668-BE54-9A1E7A4F7556}") = "Foundation3", "final\Foundation3\Foundation3.csproj", "{2FD6CDA0-4D62-4896-8ECE-5F2A38648857}"
EndProject
Project("{9A19103F-16F7-4668-BE54-9A1E7A4F7556}") = "Foundation4", "final\Foundation4\Foundation4.csproj", "{F632855A-3FFC-428B-B629-8D16BCAFF9F9}"
EndProject
Project("{2150E333-8FDC-42A3-9474-1A3956D46DE8}") = "prepare", "prepare", "{20B1B700-E375-4F41-8B2B-E8F28F30F735}"
EndProject
Project("{9A19103F-16F7-4668-BE54-9A1E7A4F7556}") = "Learning02", "prepare\Learning02\Learning02.csproj", "{172BCEE0-FCA4-4E29-A425-6EA08154BF0A}"
EndProject
Project("{9A19103F-16F7-4668-BE54-9A1E7A4F7556}") = "Learning03", "prepare\Learning03\Learning03.csproj", "{BB0664E5-3DDF-47DB-A9F6-D6FA42C7419C}"
EndProject
Project("{9A19103F-16F7-4668-BE54-9A1E7A4F7556}") = "Learning04", "prepare\Learning04\Learning04.csproj", "{A294DB22-5ECD-41AD-87CA-437A21393CB9}"
EndProject
Project("{9A19103F-16F7-4668-BE54-9A1E7A4F7556}") = "Learning05", "prepare\Learning05\Learning05.csproj", "{6E20B72F-978F-44F7-9075-63EFC7292C37}"
EndProject
Project("{2150E333-8FDC-42A3-9474-1A3956D46DE8}") = "prove", "prove", "{7A8CE120-F672-4620-A819-27353741EF93}"
EndProject
Project("{9A19103F-16F7-4668-BE54-9A1E7A4F7556}") = "Develop02", "prove\Develop02\Develop02.csproj", "{DF52AA8F-AEEA-4D6F-B348-44E610DA0F45}"
EndProject
Project("{9A19103F-16F7-4668-BE54-9A1E7A4F7556}") = "Develop03", "prove\Develop03\Develop03.csproj", "{A10A1644-C76C-4862-A92F-9F48FF59ECB2}"
EndProject
Project("{9A19103F-16F7-4668-BE54-9A1E7A4F7556}") = "Develop04", "prove\Develop04\Develop04.csproj", "{4AFE0E5C-1FEE-4407-8D15-7DBDA5CF1070}"
EndProject
Project("{9A19103F-16F7-4668-BE54-9A1E7A4F7556}") = "Develop05", "prove\Develop05\Develop05.csproj", "{0C124D11-B259-44B4-A951-AB500921E6AD}"
EndProject
Project("{2150E333-8FDC-42A3-9474-1A3956D46DE8}") = "sandbox", "sandbox", "{846C4DCD-D2E9-4006-8454-2AE8EC3CBCF9}"
EndProject
Project("{9A19103F-16F7-4668-BE54-9A1E7A4F7556}") = "Sandbox", "sandbox\Sandbox\Sandbox.csproj", "{59CE7D91-A1D3-4BB9-8766-0A00362706AE}"
EndProject
Global
	GlobalSection(SolutionConfigurationPlatforms) = preSolution
		Debug|Any CPU = Debug|Any CPU
		Release|Any CPU = Release|Any CPU
	EndGlobalSection
	GlobalSection(ProjectConfigurationPlatforms) = postSolution
		{57D57D99-658C-4602-9749-55F27033DA2D}.Debug|Any CPU.ActiveCfg = Debug|Any CPU
		{57D57D99-658C-4602-9749-55F27033DA2D}.Debug|Any CPU.Build.0 = Debug|Any CPU
		{57D57D99-658C-4602-9749-55F27033DA2D}.Release|Any CPU.ActiveCfg = Release|Any CPU
		{57D57D99-658C-4602-9749-55F27033DA2D}.Release|Any CPU.Build.0 = Release|Any CPU
		{065BA225-DB84-4EF0-AC8B-2FF201136C1B}.Debug|Any CPU.ActiveCfg = Debug|Any CPU
		{065BA225-DB84-4EF0-AC8B-2FF201136C1B}.Debug|Any CPU.Build.0 = Debug|Any CPU
		{065BA225-DB84-4EF0-AC8B-2FF201136C1B}.Release|Any CPU.ActiveCfg = Release|Any CPU
		{065BA225-DB84-4EF0-AC8B-2FF201136C1B}.Release|Any CPU.Build.0 = Release|Any CPU
		{74436642-1EBA-437F-B5A2-FF9201206C4C}.Debug|Any CPU.ActiveCfg = Debug|Any CPU
		{74436642-1EBA-437F-B5A2-FF9201206C4C}.Debug|Any CPU.Build.0 = Debug|Any CPU
		{74436642-1EBA-437F-B5A2-FF9201206C4C}.Release|Any CPU.ActiveCfg = Release|Any CPU
		{74436642-1EBA-437F-B5A2-FF9201206C4C}.Release|Any CPU.Build.0 = Release|Any CPU
		{B8D5F833-45C5-4610-ACD6-D32CFCA55DDE}.Debug|Any CPU.ActiveCfg = Debug|Any CPU
		{B8D5F833-45C5-4610-ACD6-D32CFCA55DDE}.Debug|Any CPU.Build.0 = Debug|Any CPU
		{B8D5F833-45C5-4610-ACD6-D32CFCA55DDE}.Release|Any CPU.ActiveCfg = Release|Any CPU
		{B8D5F833-45C5-4610-ACD6-D32CFCA55DDE}.Release|Any CPU.Build.0 = Release|Any CPU
		{C410B243-8D70-4778-9D42-56D940D2ED65}.Debug|Any CPU.ActiveCfg = Debug|Any CPU
		{C410B243-8D70-4778-9D42-56D940D2ED65}.Debug|Any CPU.Build.0 = Debug|Any CPU
		{C410B243-8D70-4778-9D42-56D940D2ED65}.Release|Any CPU.ActiveCfg = Release|Any CPU
		{C410B243-8D70-4778-9D42-56D940D2ED65}.Release|Any CPU.Build.0 = Release|Any CPU
		{29C00D19-87C2-4D15-9744-82C76F0B8795}.Debug|Any CPU.ActiveCfg = Debug|Any CPU
		{29C00D19-87C2-4D15-9744-82C76F0B8795}.Debug|Any CPU.Build.0 = Debug|Any CPU
		{29C00D19-87C2-4D15-9744-82C76F0B8795}.Release|Any CPU.ActiveCfg = Release|Any CPU
		{29C00D19-87C2-4D15-9744-82C76F0B8795}.Release|Any CPU.Build.0 = Release|Any CPU
		{D88EA9FE-F3E7-4C11-818B-721470A4464B}.Debug|Any CPU.ActiveCfg = Debug|Any CPU
		{D88EA9FE-F3E7-4C11-818B-721470A4464B}.Debug|Any CPU.Build.0 = Debug|Any CPU
		{D88EA9FE-F3E7-4C11-818B-721470A4464B}.Release|Any CPU.ActiveCfg = Release|Any CPU
		{D88EA9FE-F3E7-4C11-818B-721470A4464B}.Release|Any CPU.Build.0 = Release|Any CPU
		{E80E48F6-78AC-4BC0-82D7-C05257AACE04}.Debug|Any CPU.ActiveCfg = Debug|Any CPU
		{E80E48F6-78AC-4BC0-82D7-C05257AACE04}.Debug|Any CPU.Build.0 = Debug|Any CPU
		{E80E48F6-78AC-4BC0-82D7-C05257AACE04}.Release|Any CPU.ActiveCfg = Release|Any CPU
		{E80E48F6-78AC-4BC0-82D7-C05257AACE04}.Release|Any CPU.Build.0 = Release|Any CPU
		{2FD6CDA0-4D62-4896-8ECE-5F2A38648857}.Debug|Any CPU.ActiveCfg = Debug|Any CPU
		{2FD6CDA0-4D62-4896-8ECE-5F2A38648857}.Debug|Any CPU.Build.0 = Debug|Any CPU
		{2FD6CDA0-4D62-4896-8ECE-5F2A38648857}.Release|Any CPU.ActiveCfg = Release|Any CPU
		{2FD6CDA0-4D62-4896-8ECE-5F2A38648857}.Release|Any CPU.Build.0 = Release|Any CPU
		{F632855A-3FFC-428B-B629-8D16BCAFF9F9}.Debug|Any CPU.ActiveCfg = Debug|Any CPU
		{F632855A-3FFC-428B-B629-8D16BCAFF9F9}.Debug|Any CPU.Build.0 = Debug|Any CPU
		{F632855A-3FFC-428B-B629-8D16BCAFF9F9}.Release|Any CPU.ActiveCfg = Release|Any CPU
		{F632855A-3FFC-428B-B629-8D16BCAFF9F9}.Release|Any CPU.Build.0 = Release|Any CPU
		{172BCEE0-FCA4-4E29-A425-6EA08154BF0A}.Debug|Any CPU.ActiveCfg = Debug|Any CPU
		{172BCEE0-FCA4-4E29-A425-6EA08154BF0A}.Debug|Any CPU.Build.0 = Debug|Any CPU
		{172BCEE0-FCA4-4E29-A425-6EA08154BF0A}.Release|Any CPU.ActiveCfg = Release|Any CPU
		{172BCEE0-FCA4-4E29-A425-6EA08154BF0A}.Release|Any CPU.Build.0 = Release|Any CPU
		{BB0664E5-3DDF-47DB-A9F6-D6FA42C7419C}.Debug|Any CPU.ActiveCfg = Debug|Any CPU
		{BB0664E5-3DDF-47DB-A9F6-D6FA42C7419C}.Debug|Any CPU.Build.0 = Debug|Any CPU
		{BB0664E5-3DDF-47DB-A9F6-D6FA42C7419C}.Release|Any CPU.ActiveCfg = Release|Any CPU
		{BB0664E5-3DDF-47DB-A9F6-D6FA42C7419C}.Release|Any CPU.Build.0 = Release|Any CPU
		{A294DB22-5ECD-41AD-87CA-437A21393CB9}.Debug|Any CPU.ActiveCfg = Debug|Any CPU
		{A294DB22-5ECD-41AD-87CA-437A21393CB9}.Debug|Any CPU.Build.0 = Debug|Any CPU
		{A294DB22-5ECD-41AD-87CA-437A21393CB9}.Release|Any CPU.ActiveCfg = Release|Any CPU
		{A294DB22-5ECD-41AD-87CA-437A21393CB9}.Release|Any CPU.Build.0 = Release|Any CPU
		{6E20B72F-978F-44F7-9075-63EFC7292C37}.Debug|Any CPU.ActiveCfg = Debug|Any CPU
		{6E20B72F-978F-44F7-9075-63EFC7292C37}.Debug|Any CPU.Build.0 = Debug|Any CPU
		{6E20B72F-978F-44F7-9075-63EFC7292C37}.Release|Any CPU.ActiveCfg = Release|Any CPU
		{6E20B72F-978F-44F7-9075-63EFC7292C37}.Release|Any CPU.Build.0 = Release|Any CPU
		{DF52AA8F-AEEA-4D6F-B348-44E610DA0F45}.Debug|Any CPU.ActiveCfg = Debug|Any CPU
		{DF52AA8F-AEEA-4D6F-B348-44E610DA0F45}.Debug|Any CPU.Build.0 = Debug|Any CPU
		{DF52AA8F-AEEA-4D6F-B348-44E610DA0F45}.Release|Any CPU.ActiveCfg = Release|Any CPU
		{DF52AA8F-AEEA-4D6F-B348-44E610DA0F45}.Release|Any CPU.Build.0 = Release|Any CPU
		{A10A1644-C76C-4862-A92F-9F48FF59ECB2}.Debug|Any CPU.ActiveCfg = Debug|Any CPU
		{A10A1644-C76C-4862-A92F-9F48FF59ECB2}.Debug|Any CPU.Build.0 = Debug|Any CPU
		{A10A1644-C76C-4862-A92F-9F48FF59ECB2}.Release|Any CPU.ActiveCfg = Release|Any CPU
		{A10A1644-C76C-4862-A92F-9F48FF59ECB2}.Release|Any CPU.Build.0 = Release|Any CPU
		{4AFE0E5C-1FEE-4407-8D15-7DBDA5CF1070}.Debug|Any CPU.ActiveCfg = Debug|Any CPU
		{4AFE0E5C-1FEE-4407-8D15-7DBDA5CF1070}.Debug|Any CPU.Build.0 = Debug|Any CPU
		{4AFE0E5C-1FEE-4407-8D15-7DBDA5CF1070}.Release|Any CPU.ActiveCfg = Release|Any CPU
		{4AFE0E5C-1FEE-4407-8D15-7DBDA5CF1070}.Release|Any CPU.Build.0 = Release|Any CPU
		{0C124D11-B259-44B4-A951-AB500921E6AD}.Debug|Any CPU.ActiveCfg = Debug|Any CPU
		{0C124D11-B259-44B4-A951-AB500921E6AD}.Debug|Any CPU.Build.0 = Debug|Any CPU
		{0C124D11-B259-44B4-A951-AB500921E6AD}.Release|Any CPU.ActiveCfg = Release|Any CPU
		{0C124D11-B259-44B4-A951-AB500921E6AD}.Release|Any CPU.Build.0 = Release|Any CPU
		{59CE7D91-A1D3-4BB9-8766-0A00362706AE}.Debug|Any CPU.ActiveCfg = Debug|Any CPU
		{59CE7D91-A1D3-4BB9-8766-0A00362706AE}.Debug|Any CPU.Build.0 = Debug|Any CPU
		{59CE7D91-A1D3-4BB9-8766-0A00362706AE}.Release|Any CPU.ActiveCfg = Release|Any CPU
		{59CE7D91-A1D3-4BB9-8766-0A00362706AE}.Release|Any CPU.Build.0 = Release|Any CPU
	EndGlobalSection
	GlobalSection(SolutionProperties) = preSolution
		HideSolutionNode = FALSE
	EndGlobalSection
	GlobalSection(NestedProjects) = preSolution
		{57D57D99-658C-4602-9749-55F27033DA2D} = {2F9163D5-B2AE-4C8F-82A7-946BEA9F9CAF}
		{065BA225-DB84-4EF0-AC8B-2FF201136C1B} = {2F9163D5-B2AE-4C8F-82A7-946BEA9F9CAF}
		{74436642-1EBA-437F-B5A2-FF9201206C4C} = {2F9163D5-B2AE-4C8F-82A7-946BEA9F9CAF}
		{B8D5F833-45C5-4610-ACD6-D32CFCA55DDE} = {2F9163D5-B2AE-4C8F-82A7-946BEA9F9CAF}
		{C410B243-8D70-4778-9D42-56D940D2ED65} = {2F9163D5-B2AE-4C8F-82A7-946BEA9F9CAF}
		{29C00D19-87C2-4D15-9744-82C76F0B8795} = {32969D48-AE64-48C7-BFAF-30149FD07F38}
		{D88EA9FE-F3E7-4C11-818B-721470A4464B} = {32969D48-AE64-48C7-BFAF-30149FD07F38}
		{E80E48F6-78AC-4BC0-82D7-C05257AACE04} = {32969D48-AE64-48C7-BFAF-30149FD07F38}
		{2FD6CDA0-4D62-4896-8ECE-5F2A38648857} = {32969D48-AE64-48C7-BFAF-30149FD07F38}
		{F632855A-3FFC-428B-B629-8D16BCAFF9F9} = {32969D48-AE64-48C7-BFAF-30149FD07F38}
		{172BCEE0-FCA4-4E29-A425-6EA08154BF0A} = {20B1B700-E375-4F41-8B2B-E8F28F30F735}
		{BB0664E5-3DDF-47DB-A9F6-D6FA42C7419C} = {20B1B700-E375-4F41-8B2B-E8F28F30F735}
		{A294DB22-5ECD-41AD-87CA-437A21393CB9} = {20B1B700-E375-4F41-8B2B-E8F28F30F735}
		{6E20B72F-978F-44F7-9075-63EFC7292C37} = {20B1B700-E375-4F41-8B2B-E8F28F30F735}
		{DF52AA8F-AEEA-4D6F-B348-44E610DA0F45} = {7A8CE120-F672-4620-A819-27353741EF93}
		{A10A1644-C76C-4862-A92F-9F48FF59ECB2} = {7A8CE120-F672-4620-A819-27353741EF93}
		{4AFE0E5C-1FEE-4407-8D15-7DBDA5CF1070} = {7A8CE120-F672-4620-A819-27353741EF93}
		{0C124D11-B259-44B4-A951-AB500921E6AD} = {7A8CE120-F672-4620-A819-27353741EF93}
		{59CE7D91-A1D3-4BB9-8766-0A00362706AE} = {846C4DCD-D2E9-4006-8454-2AE8EC3CBCF9}
	EndGlobalSection
	GlobalSection(ExtensibilityGlobals) = postSolution
		SolutionGuid = {FE4A7794-9ADC-46A5-8DD9-9A84C39205D1}
	EndGlobalSection
EndGlobal
